# This file is generated by running "yarn install" inside your project.
# Manual changes might be lost - proceed with caution!

__metadata:
  version: 6
  cacheKey: 8

"Github-App-Demo@workspace:.":
  version: 0.0.0-use.local
  resolution: "Github-App-Demo@workspace:."
  languageName: unknown
  linkType: soft

"frontend@workspace:apps/frontend":
  version: 0.0.0-use.local
  resolution: "frontend@workspace:apps/frontend"
  dependencies:
    lodash: ^4.17.21
  languageName: unknown
  linkType: soft

"lodash@npm:^4.17.21":
  version: 4.17.21
  resolution: "lodash@npm:4.17.21"
  checksum: eb835a2e51d381e561e508ce932ea50a8e5a68f4ebdd771ea240d3048244a8d13658acbd502cd4829768c56f2e16bdd4340b9ea141297d472517b83868e677f7
  languageName: node
  linkType: hard

"@adobe/css-tools@npm:^4.0.1":
  version: 4.0.1
  resolution: "@adobe/css-tools@npm:4.0.1"
  checksum: 80226e2229024c21da9ffa6b5cd4a34b931f071e06f45aba4777ade071d7a6c94605cf73b13718b0c4b34e8b124c65c607b82eaa53a326d3eb73d9682a04a593
  languageName: node
  linkType: hard
